
Microsoft Visual Studio Solution File, Format Version 12.00
# Visual Studio Version 17
VisualStudioVersion = 17.9.34728.123
MinimumVisualStudioVersion = 10.0.40219.1
Project("{FAE04EC0-301F-11D3-BF4B-00C04F79EFBC}") = "LCPReportingSystem", "LCPReportingSystem.csproj", "{D6C4DC1E-F8C0-4084-BA27-A6FC4C57E113}"
EndProject
Project("{FAE04EC0-301F-11D3-BF4B-00C04F79EFBC}") = "LCPInfrastructure", "LCPInfrastructure\LCPInfrastructure.csproj", "{AE825129-C966-2C5B-4032-C3527B565A70}"
EndProject
Project("{FAE04EC0-301F-11D3-BF4B-00C04F79EFBC}") = "CommonLib", "CommonClass\CommonLib.csproj", "{CEBAA483-A1C2-74D5-DF65-15CC5C967279}"
EndProject
Global
	GlobalSection(SolutionConfigurationPlatforms) = preSolution
		Debug|Any CPU = Debug|Any CPU
		Release|Any CPU = Release|Any CPU
	EndGlobalSection
	GlobalSection(ProjectConfigurationPlatforms) = postSolution
		{D6C4DC1E-F8C0-4084-BA27-A6FC4C57E113}.Debug|Any CPU.ActiveCfg = Debug|Any CPU
		{D6C4DC1E-F8C0-4084-BA27-A6FC4C57E113}.Debug|Any CPU.Build.0 = Debug|Any CPU
		{D6C4DC1E-F8C0-4084-BA27-A6FC4C57E113}.Release|Any CPU.ActiveCfg = Release|Any CPU
		{D6C4DC1E-F8C0-4084-BA27-A6FC4C57E113}.Release|Any CPU.Build.0 = Release|Any CPU
		{AE825129-C966-2C5B-4032-C3527B565A70}.Debug|Any CPU.ActiveCfg = Debug|Any CPU
		{AE825129-C966-2C5B-4032-C3527B565A70}.Debug|Any CPU.Build.0 = Debug|Any CPU
		{AE825129-C966-2C5B-4032-C3527B565A70}.Release|Any CPU.ActiveCfg = Release|Any CPU
		{AE825129-C966-2C5B-4032-C3527B565A70}.Release|Any CPU.Build.0 = Release|Any CPU
		{CEBAA483-A1C2-74D5-DF65-15CC5C967279}.Debug|Any CPU.ActiveCfg = Debug|Any CPU
		{CEBAA483-A1C2-74D5-DF65-15CC5C967279}.Debug|Any CPU.Build.0 = Debug|Any CPU
		{CEBAA483-A1C2-74D5-DF65-15CC5C967279}.Release|Any CPU.ActiveCfg = Release|Any CPU
		{CEBAA483-A1C2-74D5-DF65-15CC5C967279}.Release|Any CPU.Build.0 = Release|Any CPU
	EndGlobalSection
	GlobalSection(SolutionProperties) = preSolution
		HideSolutionNode = FALSE
	EndGlobalSection
	GlobalSection(ExtensibilityGlobals) = postSolution
		SolutionGuid = {A2FF298D-407F-4868-B4DF-CA69EDE9F20A}
	EndGlobalSection
EndGlobal
